
Microsoft Visual Studio Solution File, Format Version 12.00
# Visual Studio Version 16
VisualStudioVersion = 16.0.30626.31
MinimumVisualStudioVersion = 10.0.40219.1
Project("{2150E333-8FDC-42A3-9474-1A3956D46DE8}") = "Solution Items", "Solution Items", "{F62719CA-2782-4366-B20F-6F42E84EC79A}"
	ProjectSection(SolutionItems) = preProject
		.editorconfig = .editorconfig
	EndProjectSection
EndProject
Project("{9A19103F-16F7-4668-BE54-9A1E7A4F7556}") = "Etimo.Cli.Tool", "Etimo.Cli.Tool\Etimo.Cli.Tool.csproj", "{5086E42E-B7E9-40A0-830D-83AC804D6BF2}"
EndProject
Project("{9A19103F-16F7-4668-BE54-9A1E7A4F7556}") = "Etimo.Cli.Tests", "Etimo.Cli.Tests\Etimo.Cli.Tests.csproj", "{AA890999-D501-49AA-BA32-08310FAB2FED}"
EndProject
Project("{9A19103F-16F7-4668-BE54-9A1E7A4F7556}") = "Etimo.Cli", "Etimo.Cli\Etimo.Cli.csproj", "{2B744FD1-0316-44F1-8E3A-1B377C5AB61E}"
EndProject
Global
	GlobalSection(SolutionConfigurationPlatforms) = preSolution
		Debug|Any CPU = Debug|Any CPU
		Release|Any CPU = Release|Any CPU
	EndGlobalSection
	GlobalSection(ProjectConfigurationPlatforms) = postSolution
		{5086E42E-B7E9-40A0-830D-83AC804D6BF2}.Debug|Any CPU.ActiveCfg = Debug|Any CPU
		{5086E42E-B7E9-40A0-830D-83AC804D6BF2}.Debug|Any CPU.Build.0 = Debug|Any CPU
		{5086E42E-B7E9-40A0-830D-83AC804D6BF2}.Release|Any CPU.ActiveCfg = Release|Any CPU
		{5086E42E-B7E9-40A0-830D-83AC804D6BF2}.Release|Any CPU.Build.0 = Release|Any CPU
		{2B744FD1-0316-44F1-8E3A-1B377C5AB61E}.Debug|Any CPU.ActiveCfg = Debug|Any CPU
		{2B744FD1-0316-44F1-8E3A-1B377C5AB61E}.Debug|Any CPU.Build.0 = Debug|Any CPU
		{2B744FD1-0316-44F1-8E3A-1B377C5AB61E}.Release|Any CPU.ActiveCfg = Release|Any CPU
		{2B744FD1-0316-44F1-8E3A-1B377C5AB61E}.Release|Any CPU.Build.0 = Release|Any CPU
		{AA890999-D501-49AA-BA32-08310FAB2FED}.Debug|Any CPU.ActiveCfg = Debug|Any CPU
		{AA890999-D501-49AA-BA32-08310FAB2FED}.Debug|Any CPU.Build.0 = Debug|Any CPU
		{AA890999-D501-49AA-BA32-08310FAB2FED}.Release|Any CPU.ActiveCfg = Release|Any CPU
		{AA890999-D501-49AA-BA32-08310FAB2FED}.Release|Any CPU.Build.0 = Release|Any CPU
	EndGlobalSection
	GlobalSection(SolutionProperties) = preSolution
		HideSolutionNode = FALSE
	EndGlobalSection
	GlobalSection(ExtensibilityGlobals) = postSolution
		SolutionGuid = {974A1B61-BD5D-479B-B775-8F51D9183E70}
	EndGlobalSection
EndGlobal
